// !$*UTF8*$!
{
	archiveVersion = 1;
	classes = {
	};
	objectVersion = 56;
	objects = {

/* Begin PBXBuildFile section */
		58F5F0422997591C00488140 /* calculator_for_iPadApp.swift in Sources */ = {isa = PBXBuildFile; fileRef = 58F5F0412997591C00488140 /* calculator_for_iPadApp.swift */; };
		58F5F0442997591C00488140 /* ContentView.swift in Sources */ = {isa = PBXBuildFile; fileRef = 58F5F0432997591C00488140 /* ContentView.swift */; };
		58F5F0462997591D00488140 /* Assets.xcassets in Resources */ = {isa = PBXBuildFile; fileRef = 58F5F0452997591D00488140 /* Assets.xcassets */; };
		58F5F0492997591D00488140 /* Preview Assets.xcassets in Resources */ = {isa = PBXBuildFile; fileRef = 58F5F0482997591D00488140 /* Preview Assets.xcassets */; };
		58F5F0532997591D00488140 /* calculator_for_iPadTests.swift in Sources */ = {isa = PBXBuildFile; fileRef = 58F5F0522997591D00488140 /* calculator_for_iPadTests.swift */; };
		58F5F05D2997591D00488140 /* calculator_for_iPadUITests.swift in Sources */ = {isa = PBXBuildFile; fileRef = 58F5F05C2997591D00488140 /* calculator_for_iPadUITests.swift */; };
		58F5F05F2997591D00488140 /* calculator_for_iPadUITestsLaunchTests.swift in Sources */ = {isa = PBXBuildFile; fileRef = 58F5F05E2997591D00488140 /* calculator_for_iPadUITestsLaunchTests.swift */; };
/* End PBXBuildFile section */

/* Begin PBXContainerItemProxy section */
		58F5F04F2997591D00488140 /* PBXContainerItemProxy */ = {
			isa = PBXContainerItemProxy;
			containerPortal = 58F5F0362997591B00488140 /* Project object */;
			proxyType = 1;
			remoteGlobalIDString = 58F5F03D2997591B00488140;
			remoteInfo = "calculator-for-iPad";
		};
		58F5F0592997591D00488140 /* PBXContainerItemProxy */ = {
			isa = PBXContainerItemProxy;
			containerPortal = 58F5F0362997591B00488140 /* Project object */;
			proxyType = 1;
			remoteGlobalIDString = 58F5F03D2997591B00488140;
			remoteInfo = "calculator-for-iPad";
		};
/* End PBXContainerItemProxy section */

/* Begin PBXFileReference section */
		58F5F03E2997591C00488140 /* calculator-for-iPad.app */ = {isa = PBXFileReference; explicitFileType = wrapper.application; includeInIndex = 0; path = "calculator-for-iPad.app"; sourceTree = BUILT_PRODUCTS_DIR; };
		58F5F0412997591C00488140 /* calculator_for_iPadApp.swift */ = {isa = PBXFileReference; lastKnownFileType = sourcecode.swift; path = calculator_for_iPadApp.swift; sourceTree = "<group>"; };
		58F5F0432997591C00488140 /* ContentView.swift */ = {isa = PBXFileReference; lastKnownFileType = sourcecode.swift; path = ContentView.swift; sourceTree = "<group>"; };
		58F5F0452997591D00488140 /* Assets.xcassets */ = {isa = PBXFileReference; lastKnownFileType = folder.assetcatalog; path = Assets.xcassets; sourceTree = "<group>"; };
		58F5F0482997591D00488140 /* Preview Assets.xcassets */ = {isa = PBXFileReference; lastKnownFileType = folder.assetcatalog; path = "Preview Assets.xcassets"; sourceTree = "<group>"; };
		58F5F04E2997591D00488140 /* calculator-for-iPadTests.xctest */ = {isa = PBXFileReference; explicitFileType = wrapper.cfbundle; includeInIndex = 0; path = "calculator-for-iPadTests.xctest"; sourceTree = BUILT_PRODUCTS_DIR; };
		58F5F0522997591D00488140 /* calculator_for_iPadTests.swift */ = {isa = PBXFileReference; lastKnownFileType = sourcecode.swift; path = calculator_for_iPadTests.swift; sourceTree = "<group>"; };
		58F5F0582997591D00488140 /* calculator-for-iPadUITests.xctest */ = {isa = PBXFileReference; explicitFileType = wrapper.cfbundle; includeInIndex = 0; path = "calculator-for-iPadUITests.xctest"; sourceTree = BUILT_PRODUCTS_DIR; };
		58F5F05C2997591D00488140 /* calculator_for_iPadUITests.swift */ = {isa = PBXFileReference; lastKnownFileType = sourcecode.swift; path = calculator_for_iPadUITests.swift; sourceTree = "<group>"; };
		58F5F05E2997591D00488140 /* calculator_for_iPadUITestsLaunchTests.swift */ = {isa = PBXFileReference; lastKnownFileType = sourcecode.swift; path = calculator_for_iPadUITestsLaunchTests.swift; sourceTree = "<group>"; };
/* End PBXFileReference section */

/* Begin PBXFrameworksBuildPhase section */
		58F5F03B2997591B00488140 /* Frameworks */ = {
			isa = PBXFrameworksBuildPhase;
			buildActionMask = 2147483647;
			files = (
			);
			runOnlyForDeploymentPostprocessing = 0;
		};
		58F5F04B2997591D00488140 /* Frameworks */ = {
			isa = PBXFrameworksBuildPhase;
			buildActionMask = 2147483647;
			files = (
			);
			runOnlyForDeploymentPostprocessing = 0;
		};
		58F5F0552997591D00488140 /* Frameworks */ = {
			isa = PBXFrameworksBuildPhase;
			buildActionMask = 2147483647;
			files = (
			);
			runOnlyForDeploymentPostprocessing = 0;
		};
/* End PBXFrameworksBuildPhase section */

/* Begin PBXGroup section */
		58F5F0352997591B00488140 = {
			isa = PBXGroup;
			children = (
				58F5F0402997591C00488140 /* calculator-for-iPad */,
				58F5F0512997591D00488140 /* calculator-for-iPadTests */,
				58F5F05B2997591D00488140 /* calculator-for-iPadUITests */,
				58F5F03F2997591C00488140 /* Products */,
			);
			sourceTree = "<group>";
		};
		58F5F03F2997591C00488140 /* Products */ = {
			isa = PBXGroup;
			children = (
				58F5F03E2997591C00488140 /* calculator-for-iPad.app */,
				58F5F04E2997591D00488140 /* calculator-for-iPadTests.xctest */,
				58F5F0582997591D00488140 /* calculator-for-iPadUITests.xctest */,
			);
			name = Products;
			sourceTree = "<group>";
		};
		58F5F0402997591C00488140 /* calculator-for-iPad */ = {
			isa = PBXGroup;
			children = (
				58F5F0412997591C00488140 /* calculator_for_iPadApp.swift */,
				58F5F0432997591C00488140 /* ContentView.swift */,
				58F5F0452997591D00488140 /* Assets.xcassets */,
				58F5F0472997591D00488140 /* Preview Content */,
			);
			path = "calculator-for-iPad";
			sourceTree = "<group>";
		};
		58F5F0472997591D00488140 /* Preview Content */ = {
			isa = PBXGroup;
			children = (
				58F5F0482997591D00488140 /* Preview Assets.xcassets */,
			);
			path = "Preview Content";
			sourceTree = "<group>";
		};
		58F5F0512997591D00488140 /* calculator-for-iPadTests */ = {
			isa = PBXGroup;
			children = (
				58F5F0522997591D00488140 /* calculator_for_iPadTests.swift */,
			);
			path = "calculator-for-iPadTests";
			sourceTree = "<group>";
		};
		58F5F05B2997591D00488140 /* calculator-for-iPadUITests */ = {
			isa = PBXGroup;
			children = (
				58F5F05C2997591D00488140 /* calculator_for_iPadUITests.swift */,
				58F5F05E2997591D00488140 /* calculator_for_iPadUITestsLaunchTests.swift */,
			);
			path = "calculator-for-iPadUITests";
			sourceTree = "<group>";
		};
/* End PBXGroup section */

/* Begin PBXNativeTarget section */
		58F5F03D2997591B00488140 /* calculator-for-iPad */ = {
			isa = PBXNativeTarget;
			buildConfigurationList = 58F5F0622997591D00488140 /* Build configuration list for PBXNativeTarget "calculator-for-iPad" */;
			buildPhases = (
				58F5F03A2997591B00488140 /* Sources */,
				58F5F03B2997591B00488140 /* Frameworks */,
				58F5F03C2997591B00488140 /* Resources */,
			);
			buildRules = (
			);
			dependencies = (
			);
			name = "calculator-for-iPad";
			productName = "calculator-for-iPad";
			productReference = 58F5F03E2997591C00488140 /* calculator-for-iPad.app */;
			productType = "com.apple.product-type.application";
		};
		58F5F04D2997591D00488140 /* calculator-for-iPadTests */ = {
			isa = PBXNativeTarget;
			buildConfigurationList = 58F5F0652997591D00488140 /* Build configuration list for PBXNativeTarget "calculator-for-iPadTests" */;
			buildPhases = (
				58F5F04A2997591D00488140 /* Sources */,
				58F5F04B2997591D00488140 /* Frameworks */,
				58F5F04C2997591D00488140 /* Resources */,
			);
			buildRules = (
			);
			dependencies = (
				58F5F0502997591D00488140 /* PBXTargetDependency */,
			);
			name = "calculator-for-iPadTests";
			productName = "calculator-for-iPadTests";
			productReference = 58F5F04E2997591D00488140 /* calculator-for-iPadTests.xctest */;
			productType = "com.apple.product-type.bundle.unit-test";
		};
		58F5F0572997591D00488140 /* calculator-for-iPadUITests */ = {
			isa = PBXNativeTarget;
			buildConfigurationList = 58F5F0682997591D00488140 /* Build configuration list for PBXNativeTarget "calculator-for-iPadUITests" */;
			buildPhases = (
				58F5F0542997591D00488140 /* Sources */,
				58F5F0552997591D00488140 /* Frameworks */,
				58F5F0562997591D00488140 /* Resources */,
			);
			buildRules = (
			);
			dependencies = (
				58F5F05A2997591D00488140 /* PBXTargetDependency */,
			);
			name = "calculator-for-iPadUITests";
			productName = "calculator-for-iPadUITests";
			productReference = 58F5F0582997591D00488140 /* calculator-for-iPadUITests.xctest */;
			productType = "com.apple.product-type.bundle.ui-testing";
		};
/* End PBXNativeTarget section */

/* Begin PBXProject section */
		58F5F0362997591B00488140 /* Project object */ = {
			isa = PBXProject;
			attributes = {
				BuildIndependentTargetsInParallel = 1;
				LastSwiftUpdateCheck = 1420;
				LastUpgradeCheck = 1420;
				TargetAttributes = {
					58F5F03D2997591B00488140 = {
						CreatedOnToolsVersion = 14.2;
					};
					58F5F04D2997591D00488140 = {
						CreatedOnToolsVersion = 14.2;
						TestTargetID = 58F5F03D2997591B00488140;
					};
					58F5F0572997591D00488140 = {
						CreatedOnToolsVersion = 14.2;
						TestTargetID = 58F5F03D2997591B00488140;
					};
				};
			};
			buildConfigurationList = 58F5F0392997591B00488140 /* Build configuration list for PBXProject "calculator-for-iPad" */;
			compatibilityVersion = "Xcode 14.0";
			developmentRegion = en;
			hasScannedForEncodings = 0;
			knownRegions = (
				en,
				Base,
			);
			mainGroup = 58F5F0352997591B00488140;
			productRefGroup = 58F5F03F2997591C00488140 /* Products */;
			projectDirPath = "";
			projectRoot = "";
			targets = (
				58F5F03D2997591B00488140 /* calculator-for-iPad */,
				58F5F04D2997591D00488140 /* calculator-for-iPadTests */,
				58F5F0572997591D00488140 /* calculator-for-iPadUITests */,
			);
		};
/* End PBXProject section */

/* Begin PBXResourcesBuildPhase section */
		58F5F03C2997591B00488140 /* Resources */ = {
			isa = PBXResourcesBuildPhase;
			buildActionMask = 2147483647;
			files = (
				58F5F0492997591D00488140 /* Preview Assets.xcassets in Resources */,
				58F5F0462997591D00488140 /* Assets.xcassets in Resources */,
			);
			runOnlyForDeploymentPostprocessing = 0;
		};
		58F5F04C2997591D00488140 /* Resources */ = {
			isa = PBXResourcesBuildPhase;
			buildActionMask = 2147483647;
			files = (
			);
			runOnlyForDeploymentPostprocessing = 0;
		};
		58F5F0562997591D00488140 /* Resources */ = {
			isa = PBXResourcesBuildPhase;
			buildActionMask = 2147483647;
			files = (
			);
			runOnlyForDeploymentPostprocessing = 0;
		};
/* End PBXResourcesBuildPhase section */

/* Begin PBXSourcesBuildPhase section */
		58F5F03A2997591B00488140 /* Sources */ = {
			isa = PBXSourcesBuildPhase;
			buildActionMask = 2147483647;
			files = (
				58F5F0442997591C00488140 /* ContentView.swift in Sources */,
				58F5F0422997591C00488140 /* calculator_for_iPadApp.swift in Sources */,
			);
			runOnlyForDeploymentPostprocessing = 0;
		};
		58F5F04A2997591D00488140 /* Sources */ = {
			isa = PBXSourcesBuildPhase;
			buildActionMask = 2147483647;
			files = (
				58F5F0532997591D00488140 /* calculator_for_iPadTests.swift in Sources */,
			);
			runOnlyForDeploymentPostprocessing = 0;
		};
		58F5F0542997591D00488140 /* Sources */ = {
			isa = PBXSourcesBuildPhase;
			buildActionMask = 2147483647;
			files = (
				58F5F05F2997591D00488140 /* calculator_for_iPadUITestsLaunchTests.swift in Sources */,
				58F5F05D2997591D00488140 /* calculator_for_iPadUITests.swift in Sources */,
			);
			runOnlyForDeploymentPostprocessing = 0;
		};
/* End PBXSourcesBuildPhase section */

/* Begin PBXTargetDependency section */
		58F5F0502997591D00488140 /* PBXTargetDependency */ = {
			isa = PBXTargetDependency;
			target = 58F5F03D2997591B00488140 /* calculator-for-iPad */;
			targetProxy = 58F5F04F2997591D00488140 /* PBXContainerItemProxy */;
		};
		58F5F05A2997591D00488140 /* PBXTargetDependency */ = {
			isa = PBXTargetDependency;
			target = 58F5F03D2997591B00488140 /* calculator-for-iPad */;
			targetProxy = 58F5F0592997591D00488140 /* PBXContainerItemProxy */;
		};
/* End PBXTargetDependency section */

/* Begin XCBuildConfiguration section */
		58F5F0602997591D00488140 /* Debug */ = {
			isa = XCBuildConfiguration;
			buildSettings = {
				ALWAYS_SEARCH_USER_PATHS = NO;
				CLANG_ANALYZER_NONNULL = YES;
				CLANG_ANALYZER_NUMBER_OBJECT_CONVERSION = YES_AGGRESSIVE;
				CLANG_CXX_LANGUAGE_STANDARD = "gnu++20";
				CLANG_ENABLE_MODULES = YES;
				CLANG_ENABLE_OBJC_ARC = YES;
				CLANG_ENABLE_OBJC_WEAK = YES;
				CLANG_WARN_BLOCK_CAPTURE_AUTORELEASING = YES;
				CLANG_WARN_BOOL_CONVERSION = YES;
				CLANG_WARN_COMMA = YES;
				CLANG_WARN_CONSTANT_CONVERSION = YES;
				CLANG_WARN_DEPRECATED_OBJC_IMPLEMENTATIONS = YES;
				CLANG_WARN_DIRECT_OBJC_ISA_USAGE = YES_ERROR;
				CLANG_WARN_DOCUMENTATION_COMMENTS = YES;
				CLANG_WARN_EMPTY_BODY = YES;
				CLANG_WARN_ENUM_CONVERSION = YES;
				CLANG_WARN_INFINITE_RECURSION = YES;
				CLANG_WARN_INT_CONVERSION = YES;
				CLANG_WARN_NON_LITERAL_NULL_CONVERSION = YES;
				CLANG_WARN_OBJC_IMPLICIT_RETAIN_SELF = YES;
				CLANG_WARN_OBJC_LITERAL_CONVERSION = YES;
				CLANG_WARN_OBJC_ROOT_CLASS = YES_ERROR;
				CLANG_WARN_QUOTED_INCLUDE_IN_FRAMEWORK_HEADER = YES;
				CLANG_WARN_RANGE_LOOP_ANALYSIS = YES;
				CLANG_WARN_STRICT_PROTOTYPES = YES;
				CLANG_WARN_SUSPICIOUS_MOVE = YES;
				CLANG_WARN_UNGUARDED_AVAILABILITY = YES_AGGRESSIVE;
				CLANG_WARN_UNREACHABLE_CODE = YES;
				CLANG_WARN__DUPLICATE_METHOD_MATCH = YES;
				COPY_PHASE_STRIP = NO;
				DEBUG_INFORMATION_FORMAT = dwarf;
				ENABLE_STRICT_OBJC_MSGSEND = YES;
				ENABLE_TESTABILITY = YES;
				GCC_C_LANGUAGE_STANDARD = gnu11;
				GCC_DYNAMIC_NO_PIC = NO;
				GCC_NO_COMMON_BLOCKS = YES;
				GCC_OPTIMIZATION_LEVEL = 0;
				GCC_PREPROCESSOR_DEFINITIONS = (
					"DEBUG=1",
					"$(inherited)",
				);
				GCC_WARN_64_TO_32_BIT_CONVERSION = YES;
				GCC_WARN_ABOUT_RETURN_TYPE = YES_ERROR;
				GCC_WARN_UNDECLARED_SELECTOR = YES;
				GCC_WARN_UNINITIALIZED_AUTOS = YES_AGGRESSIVE;
				GCC_WARN_UNUSED_FUNCTION = YES;
				GCC_WARN_UNUSED_VARIABLE = YES;
				IPHONEOS_DEPLOYMENT_TARGET = 16.2;
				MTL_ENABLE_DEBUG_INFO = INCLUDE_SOURCE;
				MTL_FAST_MATH = YES;
				ONLY_ACTIVE_ARCH = YES;
				SDKROOT = iphoneos;
				SWIFT_ACTIVE_COMPILATION_CONDITIONS = DEBUG;
				SWIFT_OPTIMIZATION_LEVEL = "-Onone";
			};
			name = Debug;
		};
		58F5F0612997591D00488140 /* Release */ = {
			isa = XCBuildConfiguration;
			buildSettings = {
				ALWAYS_SEARCH_USER_PATHS = NO;
				CLANG_ANALYZER_NONNULL = YES;
				CLANG_ANALYZER_NUMBER_OBJECT_CONVERSION = YES_AGGRESSIVE;
				CLANG_CXX_LANGUAGE_STANDARD = "gnu++20";
				CLANG_ENABLE_MODULES = YES;
				CLANG_ENABLE_OBJC_ARC = YES;
				CLANG_ENABLE_OBJC_WEAK = YES;
				CLANG_WARN_BLOCK_CAPTURE_AUTORELEASING = YES;
				CLANG_WARN_BOOL_CONVERSION = YES;
				CLANG_WARN_COMMA = YES;
				CLANG_WARN_CONSTANT_CONVERSION = YES;
				CLANG_WARN_DEPRECATED_OBJC_IMPLEMENTATIONS = YES;
				CLANG_WARN_DIRECT_OBJC_ISA_USAGE = YES_ERROR;
				CLANG_WARN_DOCUMENTATION_COMMENTS = YES;
				CLANG_WARN_EMPTY_BODY = YES;
				CLANG_WARN_ENUM_CONVERSION = YES;
				CLANG_WARN_INFINITE_RECURSION = YES;
				CLANG_WARN_INT_CONVERSION = YES;
				CLANG_WARN_NON_LITERAL_NULL_CONVERSION = YES;
				CLANG_WARN_OBJC_IMPLICIT_RETAIN_SELF = YES;
				CLANG_WARN_OBJC_LITERAL_CONVERSION = YES;
				CLANG_WARN_OBJC_ROOT_CLASS = YES_ERROR;
				CLANG_WARN_QUOTED_INCLUDE_IN_FRAMEWORK_HEADER = YES;
				CLANG_WARN_RANGE_LOOP_ANALYSIS = YES;
				CLANG_WARN_STRICT_PROTOTYPES = YES;
				CLANG_WARN_SUSPICIOUS_MOVE = YES;
				CLANG_WARN_UNGUARDED_AVAILABILITY = YES_AGGRESSIVE;
				CLANG_WARN_UNREACHABLE_CODE = YES;
				CLANG_WARN__DUPLICATE_METHOD_MATCH = YES;
				COPY_PHASE_STRIP = NO;
				DEBUG_INFORMATION_FORMAT = "dwarf-with-dsym";
				ENABLE_NS_ASSERTIONS = NO;
				ENABLE_STRICT_OBJC_MSGSEND = YES;
				GCC_C_LANGUAGE_STANDARD = gnu11;
				GCC_NO_COMMON_BLOCKS = YES;
				GCC_WARN_64_TO_32_BIT_CONVERSION = YES;
				GCC_WARN_ABOUT_RETURN_TYPE = YES_ERROR;
				GCC_WARN_UNDECLARED_SELECTOR = YES;
				GCC_WARN_UNINITIALIZED_AUTOS = YES_AGGRESSIVE;
				GCC_WARN_UNUSED_FUNCTION = YES;
				GCC_WARN_UNUSED_VARIABLE = YES;
				IPHONEOS_DEPLOYMENT_TARGET = 16.2;
				MTL_ENABLE_DEBUG_INFO = NO;
				MTL_FAST_MATH = YES;
				SDKROOT = iphoneos;
				SWIFT_COMPILATION_MODE = wholemodule;
				SWIFT_OPTIMIZATION_LEVEL = "-O";
				VALIDATE_PRODUCT = YES;
			};
			name = Release;
		};
		58F5F0632997591D00488140 /* Debug */ = {
			isa = XCBuildConfiguration;
			buildSettings = {
				ASSETCATALOG_COMPILER_APPICON_NAME = AppIcon;
				ASSETCATALOG_COMPILER_GLOBAL_ACCENT_COLOR_NAME = AccentColor;
				CODE_SIGN_STYLE = Automatic;
				CURRENT_PROJECT_VERSION = 1;
				DEVELOPMENT_ASSET_PATHS = "\"calculator-for-iPad/Preview Content\"";
				ENABLE_PREVIEWS = YES;
				GENERATE_INFOPLIST_FILE = YES;
				INFOPLIST_KEY_UIApplicationSceneManifest_Generation = YES;
				INFOPLIST_KEY_UIApplicationSupportsIndirectInputEvents = YES;
				INFOPLIST_KEY_UILaunchScreen_Generation = YES;
				INFOPLIST_KEY_UISupportedInterfaceOrientations_iPad = "UIInterfaceOrientationPortrait UIInterfaceOrientationPortraitUpsideDown UIInterfaceOrientationLandscapeLeft UIInterfaceOrientationLandscapeRight";
				INFOPLIST_KEY_UISupportedInterfaceOrientations_iPhone = "UIInterfaceOrientationPortrait UIInterfaceOrientationLandscapeLeft UIInterfaceOrientationLandscapeRight";
				LD_RUNPATH_SEARCH_PATHS = (
					"$(inherited)",
					"@executable_path/Frameworks",
				);
				MARKETING_VERSION = 1.0;
				PRODUCT_BUNDLE_IDENTIFIER = "com.KC3-2023-C.calculator-for-iPad";
				PRODUCT_NAME = "$(TARGET_NAME)";
				SWIFT_EMIT_LOC_STRINGS = YES;
				SWIFT_VERSION = 5.0;
				TARGETED_DEVICE_FAMILY = "1,2";
			};
			name = Debug;
		};
		58F5F0642997591D00488140 /* Release */ = {
			isa = XCBuildConfiguration;
			buildSettings = {
				ASSETCATALOG_COMPILER_APPICON_NAME = AppIcon;
				ASSETCATALOG_COMPILER_GLOBAL_ACCENT_COLOR_NAME = AccentColor;
				CODE_SIGN_STYLE = Automatic;
				CURRENT_PROJECT_VERSION = 1;
				DEVELOPMENT_ASSET_PATHS = "\"calculator-for-iPad/Preview Content\"";
				ENABLE_PREVIEWS = YES;
				GENERATE_INFOPLIST_FILE = YES;
				INFOPLIST_KEY_UIApplicationSceneManifest_Generation = YES;
				INFOPLIST_KEY_UIApplicationSupportsIndirectInputEvents = YES;
				INFOPLIST_KEY_UILaunchScreen_Generation = YES;
				INFOPLIST_KEY_UISupportedInterfaceOrientations_iPad = "UIInterfaceOrientationPortrait UIInterfaceOrientationPortraitUpsideDown UIInterfaceOrientationLandscapeLeft UIInterfaceOrientationLandscapeRight";
				INFOPLIST_KEY_UISupportedInterfaceOrientations_iPhone = "UIInterfaceOrientationPortrait UIInterfaceOrientationLandscapeLeft UIInterfaceOrientationLandscapeRight";
				LD_RUNPATH_SEARCH_PATHS = (
					"$(inherited)",
					"@executable_path/Frameworks",
				);
				MARKETING_VERSION = 1.0;
				PRODUCT_BUNDLE_IDENTIFIER = "com.KC3-2023-C.calculator-for-iPad";
				PRODUCT_NAME = "$(TARGET_NAME)";
				SWIFT_EMIT_LOC_STRINGS = YES;
				SWIFT_VERSION = 5.0;
				TARGETED_DEVICE_FAMILY = "1,2";
			};
			name = Release;
		};
		58F5F0662997591D00488140 /* Debug */ = {
			isa = XCBuildConfiguration;
			buildSettings = {
				ALWAYS_EMBED_SWIFT_STANDARD_LIBRARIES = YES;
				BUNDLE_LOADER = "$(TEST_HOST)";
				CODE_SIGN_STYLE = Automatic;
				CURRENT_PROJECT_VERSION = 1;
				GENERATE_INFOPLIST_FILE = YES;
				IPHONEOS_DEPLOYMENT_TARGET = 16.2;
				MARKETING_VERSION = 1.0;
				PRODUCT_BUNDLE_IDENTIFIER = "com.KC3-2023-C.calculator-for-iPadTests";
				PRODUCT_NAME = "$(TARGET_NAME)";
				SWIFT_EMIT_LOC_STRINGS = NO;
				SWIFT_VERSION = 5.0;
				TARGETED_DEVICE_FAMILY = "1,2";
				TEST_HOST = "$(BUILT_PRODUCTS_DIR)/calculator-for-iPad.app/$(BUNDLE_EXECUTABLE_FOLDER_PATH)/calculator-for-iPad";
			};
			name = Debug;
		};
		58F5F0672997591D00488140 /* Release */ = {
			isa = XCBuildConfiguration;
			buildSettings = {
				ALWAYS_EMBED_SWIFT_STANDARD_LIBRARIES = YES;
				BUNDLE_LOADER = "$(TEST_HOST)";
				CODE_SIGN_STYLE = Automatic;
				CURRENT_PROJECT_VERSION = 1;
				GENERATE_INFOPLIST_FILE = YES;
				IPHONEOS_DEPLOYMENT_TARGET = 16.2;
				MARKETING_VERSION = 1.0;
				PRODUCT_BUNDLE_IDENTIFIER = "com.KC3-2023-C.calculator-for-iPadTests";
				PRODUCT_NAME = "$(TARGET_NAME)";
				SWIFT_EMIT_LOC_STRINGS = NO;
				SWIFT_VERSION = 5.0;
				TARGETED_DEVICE_FAMILY = "1,2";
				TEST_HOST = "$(BUILT_PRODUCTS_DIR)/calculator-for-iPad.app/$(BUNDLE_EXECUTABLE_FOLDER_PATH)/calculator-for-iPad";
			};
			name = Release;
		};
		58F5F0692997591D00488140 /* Debug */ = {
			isa = XCBuildConfiguration;
			buildSettings = {
				ALWAYS_EMBED_SWIFT_STANDARD_LIBRARIES = YES;
				CODE_SIGN_STYLE = Automatic;
				CURRENT_PROJECT_VERSION = 1;
				GENERATE_INFOPLIST_FILE = YES;
				MARKETING_VERSION = 1.0;
				PRODUCT_BUNDLE_IDENTIFIER = "com.KC3-2023-C.calculator-for-iPadUITests";
				PRODUCT_NAME = "$(TARGET_NAME)";
				SWIFT_EMIT_LOC_STRINGS = NO;
				SWIFT_VERSION = 5.0;
				TARGETED_DEVICE_FAMILY = "1,2";
				TEST_TARGET_NAME = "calculator-for-iPad";
			};
			name = Debug;
		};
		58F5F06A2997591D00488140 /* Release */ = {
			isa = XCBuildConfiguration;
			buildSettings = {
				ALWAYS_EMBED_SWIFT_STANDARD_LIBRARIES = YES;
				CODE_SIGN_STYLE = Automatic;
				CURRENT_PROJECT_VERSION = 1;
				GENERATE_INFOPLIST_FILE = YES;
				MARKETING_VERSION = 1.0;
				PRODUCT_BUNDLE_IDENTIFIER = "com.KC3-2023-C.calculator-for-iPadUITests";
				PRODUCT_NAME = "$(TARGET_NAME)";
				SWIFT_EMIT_LOC_STRINGS = NO;
				SWIFT_VERSION = 5.0;
				TARGETED_DEVICE_FAMILY = "1,2";
				TEST_TARGET_NAME = "calculator-for-iPad";
			};
			name = Release;
		};
/* End XCBuildConfiguration section */

/* Begin XCConfigurationList section */
		58F5F0392997591B00488140 /* Build configuration list for PBXProject "calculator-for-iPad" */ = {
			isa = XCConfigurationList;
			buildConfigurations = (
				58F5F0602997591D00488140 /* Debug */,
				58F5F0612997591D00488140 /* Release */,
			);
			defaultConfigurationIsVisible = 0;
			defaultConfigurationName = Release;
		};
		58F5F0622997591D00488140 /* Build configuration list for PBXNativeTarget "calculator-for-iPad" */ = {
			isa = XCConfigurationList;
			buildConfigurations = (
				58F5F0632997591D00488140 /* Debug */,
				58F5F0642997591D00488140 /* Release */,
			);
			defaultConfigurationIsVisible = 0;
			defaultConfigurationName = Release;
		};
		58F5F0652997591D00488140 /* Build configuration list for PBXNativeTarget "calculator-for-iPadTests" */ = {
			isa = XCConfigurationList;
			buildConfigurations = (
				58F5F0662997591D00488140 /* Debug */,
				58F5F0672997591D00488140 /* Release */,
			);
			defaultConfigurationIsVisible = 0;
			defaultConfigurationName = Release;
		};
		58F5F0682997591D00488140 /* Build configuration list for PBXNativeTarget "calculator-for-iPadUITests" */ = {
			isa = XCConfigurationList;
			buildConfigurations = (
				58F5F0692997591D00488140 /* Debug */,
				58F5F06A2997591D00488140 /* Release */,
			);
			defaultConfigurationIsVisible = 0;
			defaultConfigurationName = Release;
		};
/* End XCConfigurationList section */
	};
	rootObject = 58F5F0362997591B00488140 /* Project object */;
}
